
Microsoft Visual Studio Solution File, Format Version 12.00
# Visual Studio Version 16
VisualStudioVersion = 16.0.31702.278
MinimumVisualStudioVersion = 10.0.40219.1
Project("{9A19103F-16F7-4668-BE54-9A1E7A4F7556}") = "BookStoreApp", "BookStoreApp\BookStoreApp.csproj", "{FBF2A834-56A9-4ABF-A9E1-352A79CD8BD5}"
EndProject
Project("{9A19103F-16F7-4668-BE54-9A1E7A4F7556}") = "Middleware", "Middleware\Middleware.csproj", "{CAD11383-D038-4D03-B639-6D42CB0696E1}"
EndProject
Project("{9A19103F-16F7-4668-BE54-9A1E7A4F7556}") = "Vidly", "Vidly\Vidly.csproj", "{797390E8-8F06-4B9A-8743-FC944E53252C}"
EndProject
Project("{2150E333-8FDC-42A3-9474-1A3956D46DE8}") = "Tests", "Tests", "{6C1169E7-FDAC-475B-BA9C-257303FA64FB}"
EndProject
Project("{FAE04EC0-301F-11D3-BF4B-00C04F79EFBC}") = "WebAPI.UnitTests", "WebAPI.UnitTests\WebAPI.UnitTests.csproj", "{E85B0E1E-35F1-49CF-9E0D-2C2F881DE6BF}"
EndProject
Global
	GlobalSection(SolutionConfigurationPlatforms) = preSolution
		Debug|Any CPU = Debug|Any CPU
		Release|Any CPU = Release|Any CPU
	EndGlobalSection
	GlobalSection(ProjectConfigurationPlatforms) = postSolution
		{FBF2A834-56A9-4ABF-A9E1-352A79CD8BD5}.Debug|Any CPU.ActiveCfg = Debug|Any CPU
		{FBF2A834-56A9-4ABF-A9E1-352A79CD8BD5}.Debug|Any CPU.Build.0 = Debug|Any CPU
		{FBF2A834-56A9-4ABF-A9E1-352A79CD8BD5}.Release|Any CPU.ActiveCfg = Release|Any CPU
		{FBF2A834-56A9-4ABF-A9E1-352A79CD8BD5}.Release|Any CPU.Build.0 = Release|Any CPU
		{CAD11383-D038-4D03-B639-6D42CB0696E1}.Debug|Any CPU.ActiveCfg = Debug|Any CPU
		{CAD11383-D038-4D03-B639-6D42CB0696E1}.Debug|Any CPU.Build.0 = Debug|Any CPU
		{CAD11383-D038-4D03-B639-6D42CB0696E1}.Release|Any CPU.ActiveCfg = Release|Any CPU
		{CAD11383-D038-4D03-B639-6D42CB0696E1}.Release|Any CPU.Build.0 = Release|Any CPU
		{797390E8-8F06-4B9A-8743-FC944E53252C}.Debug|Any CPU.ActiveCfg = Debug|Any CPU
		{797390E8-8F06-4B9A-8743-FC944E53252C}.Debug|Any CPU.Build.0 = Debug|Any CPU
		{797390E8-8F06-4B9A-8743-FC944E53252C}.Release|Any CPU.ActiveCfg = Release|Any CPU
		{797390E8-8F06-4B9A-8743-FC944E53252C}.Release|Any CPU.Build.0 = Release|Any CPU
		{E85B0E1E-35F1-49CF-9E0D-2C2F881DE6BF}.Debug|Any CPU.ActiveCfg = Debug|Any CPU
		{E85B0E1E-35F1-49CF-9E0D-2C2F881DE6BF}.Debug|Any CPU.Build.0 = Debug|Any CPU
		{E85B0E1E-35F1-49CF-9E0D-2C2F881DE6BF}.Release|Any CPU.ActiveCfg = Release|Any CPU
		{E85B0E1E-35F1-49CF-9E0D-2C2F881DE6BF}.Release|Any CPU.Build.0 = Release|Any CPU
	EndGlobalSection
	GlobalSection(SolutionProperties) = preSolution
		HideSolutionNode = FALSE
	EndGlobalSection
	GlobalSection(NestedProjects) = preSolution
		{E85B0E1E-35F1-49CF-9E0D-2C2F881DE6BF} = {6C1169E7-FDAC-475B-BA9C-257303FA64FB}
	EndGlobalSection
	GlobalSection(ExtensibilityGlobals) = postSolution
		SolutionGuid = {16410614-EF1D-4611-B5BC-B0F4A70794A4}
	EndGlobalSection
EndGlobal
